
Microsoft Visual Studio Solution File, Format Version 12.00
# Visual Studio Version 17
VisualStudioVersion = 17.13.35825.156 d17.13
MinimumVisualStudioVersion = 10.0.40219.1
Project("{FAE04EC0-301F-11D3-BF4B-00C04F79EFBC}") = "BlobTriggers", "BlobTriggers\BlobTriggers.csproj", "{498E2577-5290-4EDF-B5C2-C43EE9D7C419}"
EndProject
Global
	GlobalSection(SolutionConfigurationPlatforms) = preSolution
		Debug|Any CPU = Debug|Any CPU
		Release|Any CPU = Release|Any CPU
	EndGlobalSection
	GlobalSection(ProjectConfigurationPlatforms) = postSolution
		{498E2577-5290-4EDF-B5C2-C43EE9D7C419}.Debug|Any CPU.ActiveCfg = Debug|Any CPU
		{498E2577-5290-4EDF-B5C2-C43EE9D7C419}.Debug|Any CPU.Build.0 = Debug|Any CPU
		{498E2577-5290-4EDF-B5C2-C43EE9D7C419}.Release|Any CPU.ActiveCfg = Release|Any CPU
		{498E2577-5290-4EDF-B5C2-C43EE9D7C419}.Release|Any CPU.Build.0 = Release|Any CPU
	EndGlobalSection
	GlobalSection(SolutionProperties) = preSolution
		HideSolutionNode = FALSE
	EndGlobalSection
	GlobalSection(ExtensibilityGlobals) = postSolution
		SolutionGuid = {B5BE13B5-437C-420F-9DA7-D41FA09DBFD1}
	EndGlobalSection
EndGlobal
